
Microsoft Visual Studio Solution File, Format Version 12.00
# Visual Studio Version 17
VisualStudioVersion = 17.10.35122.118
MinimumVisualStudioVersion = 10.0.40219.1
Project("{9A19103F-16F7-4668-BE54-9A1E7A4F7556}") = "BookStore.UI", "BookStore.UI\BookStore.UI.csproj", "{8659BC18-9CF0-4D93-A887-69B2D7D58865}"
EndProject
Project("{9A19103F-16F7-4668-BE54-9A1E7A4F7556}") = "BookStore.Core", "BookStore.Core\BookStore.Core.csproj", "{2721AF60-9C15-43BE-AD04-ACE940FE99EC}"
EndProject
Project("{FAE04EC0-301F-11D3-BF4B-00C04F79EFBC}") = "BookStore.Infrastructure", "BookStore.Infrastructure\BookStore.Infrastructure.csproj", "{10AEA1B6-5CFE-438A-A892-63BA5D67078D}"
EndProject
Global
	GlobalSection(SolutionConfigurationPlatforms) = preSolution
		Debug|Any CPU = Debug|Any CPU
		Release|Any CPU = Release|Any CPU
	EndGlobalSection
	GlobalSection(ProjectConfigurationPlatforms) = postSolution
		{8659BC18-9CF0-4D93-A887-69B2D7D58865}.Debug|Any CPU.ActiveCfg = Debug|Any CPU
		{8659BC18-9CF0-4D93-A887-69B2D7D58865}.Debug|Any CPU.Build.0 = Debug|Any CPU
		{8659BC18-9CF0-4D93-A887-69B2D7D58865}.Release|Any CPU.ActiveCfg = Release|Any CPU
		{8659BC18-9CF0-4D93-A887-69B2D7D58865}.Release|Any CPU.Build.0 = Release|Any CPU
		{2721AF60-9C15-43BE-AD04-ACE940FE99EC}.Debug|Any CPU.ActiveCfg = Debug|Any CPU
		{2721AF60-9C15-43BE-AD04-ACE940FE99EC}.Debug|Any CPU.Build.0 = Debug|Any CPU
		{2721AF60-9C15-43BE-AD04-ACE940FE99EC}.Release|Any CPU.ActiveCfg = Release|Any CPU
		{2721AF60-9C15-43BE-AD04-ACE940FE99EC}.Release|Any CPU.Build.0 = Release|Any CPU
		{10AEA1B6-5CFE-438A-A892-63BA5D67078D}.Debug|Any CPU.ActiveCfg = Debug|Any CPU
		{10AEA1B6-5CFE-438A-A892-63BA5D67078D}.Debug|Any CPU.Build.0 = Debug|Any CPU
		{10AEA1B6-5CFE-438A-A892-63BA5D67078D}.Release|Any CPU.ActiveCfg = Release|Any CPU
		{10AEA1B6-5CFE-438A-A892-63BA5D67078D}.Release|Any CPU.Build.0 = Release|Any CPU
	EndGlobalSection
	GlobalSection(SolutionProperties) = preSolution
		HideSolutionNode = FALSE
	EndGlobalSection
	GlobalSection(ExtensibilityGlobals) = postSolution
		SolutionGuid = {38A2F1CD-9E62-4E9B-8A2A-C60A3D8627FE}
	EndGlobalSection
EndGlobal
